
Microsoft Visual Studio Solution File, Format Version 12.00
# Visual Studio 15
VisualStudioVersion = 15.0.28307.168
MinimumVisualStudioVersion = 10.0.40219.1
Project("{F184B08F-C81C-45F6-A57F-5ABD9991F28F}") = "ComboBox_Average_via_Class", "ComboBox_Average_via_Class\ComboBox_Average_via_Class.vbproj", "{80924AEA-9B2F-424E-9A62-2AC7DBE27751}"
EndProject
Global
	GlobalSection(SolutionConfigurationPlatforms) = preSolution
		Debug|Any CPU = Debug|Any CPU
		Release|Any CPU = Release|Any CPU
	EndGlobalSection
	GlobalSection(ProjectConfigurationPlatforms) = postSolution
		{80924AEA-9B2F-424E-9A62-2AC7DBE27751}.Debug|Any CPU.ActiveCfg = Debug|Any CPU
		{80924AEA-9B2F-424E-9A62-2AC7DBE27751}.Debug|Any CPU.Build.0 = Debug|Any CPU
		{80924AEA-9B2F-424E-9A62-2AC7DBE27751}.Release|Any CPU.ActiveCfg = Release|Any CPU
		{80924AEA-9B2F-424E-9A62-2AC7DBE27751}.Release|Any CPU.Build.0 = Release|Any CPU
	EndGlobalSection
	GlobalSection(SolutionProperties) = preSolution
		HideSolutionNode = FALSE
	EndGlobalSection
	GlobalSection(ExtensibilityGlobals) = postSolution
		SolutionGuid = {F747A1DB-6C96-40E5-94C4-690500FCE01B}
	EndGlobalSection
EndGlobal
