
Microsoft Visual Studio Solution File, Format Version 12.00
# Visual Studio 15
VisualStudioVersion = 15.0.28307.168
MinimumVisualStudioVersion = 10.0.40219.1
Project("{F184B08F-C81C-45F6-A57F-5ABD9991F28F}") = "Arithmetic_Simple", "Practical 3 [Main]\Arithmetic_Simple.vbproj", "{F48C5C80-98B4-4084-8212-C54F899DCC90}"
EndProject
Global
	GlobalSection(SolutionConfigurationPlatforms) = preSolution
		Debug|Any CPU = Debug|Any CPU
		Release|Any CPU = Release|Any CPU
	EndGlobalSection
	GlobalSection(ProjectConfigurationPlatforms) = postSolution
		{F48C5C80-98B4-4084-8212-C54F899DCC90}.Debug|Any CPU.ActiveCfg = Debug|Any CPU
		{F48C5C80-98B4-4084-8212-C54F899DCC90}.Debug|Any CPU.Build.0 = Debug|Any CPU
		{F48C5C80-98B4-4084-8212-C54F899DCC90}.Release|Any CPU.ActiveCfg = Release|Any CPU
		{F48C5C80-98B4-4084-8212-C54F899DCC90}.Release|Any CPU.Build.0 = Release|Any CPU
	EndGlobalSection
	GlobalSection(SolutionProperties) = preSolution
		HideSolutionNode = FALSE
	EndGlobalSection
	GlobalSection(ExtensibilityGlobals) = postSolution
		SolutionGuid = {1ED49B40-FE7E-4B2F-903F-65DA8595EBE8}
	EndGlobalSection
EndGlobal
