
Microsoft Visual Studio Solution File, Format Version 12.00
# Visual Studio 15
VisualStudioVersion = 15.0.28307.168
MinimumVisualStudioVersion = 10.0.40219.1
Project("{F184B08F-C81C-45F6-A57F-5ABD9991F28F}") = "Console1", "Console1\Console1.vbproj", "{7575A5A5-B921-418A-A88D-ADF4A10DB8F5}"
EndProject
Global
	GlobalSection(SolutionConfigurationPlatforms) = preSolution
		Debug|Any CPU = Debug|Any CPU
		Release|Any CPU = Release|Any CPU
	EndGlobalSection
	GlobalSection(ProjectConfigurationPlatforms) = postSolution
		{7575A5A5-B921-418A-A88D-ADF4A10DB8F5}.Debug|Any CPU.ActiveCfg = Debug|Any CPU
		{7575A5A5-B921-418A-A88D-ADF4A10DB8F5}.Debug|Any CPU.Build.0 = Debug|Any CPU
		{7575A5A5-B921-418A-A88D-ADF4A10DB8F5}.Release|Any CPU.ActiveCfg = Release|Any CPU
		{7575A5A5-B921-418A-A88D-ADF4A10DB8F5}.Release|Any CPU.Build.0 = Release|Any CPU
	EndGlobalSection
	GlobalSection(SolutionProperties) = preSolution
		HideSolutionNode = FALSE
	EndGlobalSection
	GlobalSection(ExtensibilityGlobals) = postSolution
		SolutionGuid = {18EC596E-EEF2-4608-9EA1-1C8B02FAD6C4}
	EndGlobalSection
EndGlobal
