
Microsoft Visual Studio Solution File, Format Version 12.00
# Visual Studio 15
VisualStudioVersion = 15.0.28307.168
MinimumVisualStudioVersion = 10.0.40219.1
Project("{F184B08F-C81C-45F6-A57F-5ABD9991F28F}") = "Prime_1_2_100", "Prime_1_2_100\Prime_1_2_100.vbproj", "{E272C85A-ECCF-4EF1-ACD2-F875D775062D}"
EndProject
Global
	GlobalSection(SolutionConfigurationPlatforms) = preSolution
		Debug|Any CPU = Debug|Any CPU
		Release|Any CPU = Release|Any CPU
	EndGlobalSection
	GlobalSection(ProjectConfigurationPlatforms) = postSolution
		{E272C85A-ECCF-4EF1-ACD2-F875D775062D}.Debug|Any CPU.ActiveCfg = Debug|Any CPU
		{E272C85A-ECCF-4EF1-ACD2-F875D775062D}.Debug|Any CPU.Build.0 = Debug|Any CPU
		{E272C85A-ECCF-4EF1-ACD2-F875D775062D}.Release|Any CPU.ActiveCfg = Release|Any CPU
		{E272C85A-ECCF-4EF1-ACD2-F875D775062D}.Release|Any CPU.Build.0 = Release|Any CPU
	EndGlobalSection
	GlobalSection(SolutionProperties) = preSolution
		HideSolutionNode = FALSE
	EndGlobalSection
	GlobalSection(ExtensibilityGlobals) = postSolution
		SolutionGuid = {6A3ADE04-9586-4B52-AC39-F2C89876DE78}
	EndGlobalSection
EndGlobal
