
Microsoft Visual Studio Solution File, Format Version 12.00
# Visual Studio 15
VisualStudioVersion = 15.0.28307.168
MinimumVisualStudioVersion = 10.0.40219.1
Project("{F184B08F-C81C-45F6-A57F-5ABD9991F28F}") = "Area_Circle__Param_Constructor", "Area_Circle__Param_Constructor\Area_Circle__Param_Constructor.vbproj", "{45970C3D-318C-4B9B-959E-F1C8D7D7C69E}"
EndProject
Global
	GlobalSection(SolutionConfigurationPlatforms) = preSolution
		Debug|Any CPU = Debug|Any CPU
		Release|Any CPU = Release|Any CPU
	EndGlobalSection
	GlobalSection(ProjectConfigurationPlatforms) = postSolution
		{45970C3D-318C-4B9B-959E-F1C8D7D7C69E}.Debug|Any CPU.ActiveCfg = Debug|Any CPU
		{45970C3D-318C-4B9B-959E-F1C8D7D7C69E}.Debug|Any CPU.Build.0 = Debug|Any CPU
		{45970C3D-318C-4B9B-959E-F1C8D7D7C69E}.Release|Any CPU.ActiveCfg = Release|Any CPU
		{45970C3D-318C-4B9B-959E-F1C8D7D7C69E}.Release|Any CPU.Build.0 = Release|Any CPU
	EndGlobalSection
	GlobalSection(SolutionProperties) = preSolution
		HideSolutionNode = FALSE
	EndGlobalSection
	GlobalSection(ExtensibilityGlobals) = postSolution
		SolutionGuid = {FD133A2A-DEE2-4AE5-BBDB-F211E5B9CAF5}
	EndGlobalSection
EndGlobal
