
Microsoft Visual Studio Solution File, Format Version 12.00
# Visual Studio 15
VisualStudioVersion = 15.0.28307.168
MinimumVisualStudioVersion = 10.0.40219.1
Project("{F184B08F-C81C-45F6-A57F-5ABD9991F28F}") = "Constructor_Destructor_Expo", "Constructor_Destructor_Expo\Constructor_Destructor_Expo.vbproj", "{AD26A460-12DC-4228-BD0C-93CD80EA8E93}"
EndProject
Global
	GlobalSection(SolutionConfigurationPlatforms) = preSolution
		Debug|Any CPU = Debug|Any CPU
		Release|Any CPU = Release|Any CPU
	EndGlobalSection
	GlobalSection(ProjectConfigurationPlatforms) = postSolution
		{AD26A460-12DC-4228-BD0C-93CD80EA8E93}.Debug|Any CPU.ActiveCfg = Debug|Any CPU
		{AD26A460-12DC-4228-BD0C-93CD80EA8E93}.Debug|Any CPU.Build.0 = Debug|Any CPU
		{AD26A460-12DC-4228-BD0C-93CD80EA8E93}.Release|Any CPU.ActiveCfg = Release|Any CPU
		{AD26A460-12DC-4228-BD0C-93CD80EA8E93}.Release|Any CPU.Build.0 = Release|Any CPU
	EndGlobalSection
	GlobalSection(SolutionProperties) = preSolution
		HideSolutionNode = FALSE
	EndGlobalSection
	GlobalSection(ExtensibilityGlobals) = postSolution
		SolutionGuid = {65DAF388-CC55-415D-BBB2-60FD97294877}
	EndGlobalSection
EndGlobal
