
Microsoft Visual Studio Solution File, Format Version 12.00
# Visual Studio 15
VisualStudioVersion = 15.0.28307.168
MinimumVisualStudioVersion = 10.0.40219.1
Project("{F184B08F-C81C-45F6-A57F-5ABD9991F28F}") = "Chameleon", "Chameleon\Chameleon.vbproj", "{928B5F20-58ED-4B85-B6BB-8C3BC6CA2053}"
EndProject
Global
	GlobalSection(SolutionConfigurationPlatforms) = preSolution
		Debug|Any CPU = Debug|Any CPU
		Release|Any CPU = Release|Any CPU
	EndGlobalSection
	GlobalSection(ProjectConfigurationPlatforms) = postSolution
		{928B5F20-58ED-4B85-B6BB-8C3BC6CA2053}.Debug|Any CPU.ActiveCfg = Debug|Any CPU
		{928B5F20-58ED-4B85-B6BB-8C3BC6CA2053}.Debug|Any CPU.Build.0 = Debug|Any CPU
		{928B5F20-58ED-4B85-B6BB-8C3BC6CA2053}.Release|Any CPU.ActiveCfg = Release|Any CPU
		{928B5F20-58ED-4B85-B6BB-8C3BC6CA2053}.Release|Any CPU.Build.0 = Release|Any CPU
	EndGlobalSection
	GlobalSection(SolutionProperties) = preSolution
		HideSolutionNode = FALSE
	EndGlobalSection
	GlobalSection(ExtensibilityGlobals) = postSolution
		SolutionGuid = {37DCA122-D64A-46E8-8BD5-C905F63F06FD}
	EndGlobalSection
EndGlobal
