
Microsoft Visual Studio Solution File, Format Version 12.00
# Visual Studio 15
VisualStudioVersion = 15.0.28307.168
MinimumVisualStudioVersion = 10.0.40219.1
Project("{F184B08F-C81C-45F6-A57F-5ABD9991F28F}") = "Functions_Expo", "Functions_Expo\Functions_Expo.vbproj", "{33AD39B5-A16A-47C0-B3C0-681EE1948430}"
EndProject
Global
	GlobalSection(SolutionConfigurationPlatforms) = preSolution
		Debug|Any CPU = Debug|Any CPU
		Release|Any CPU = Release|Any CPU
	EndGlobalSection
	GlobalSection(ProjectConfigurationPlatforms) = postSolution
		{33AD39B5-A16A-47C0-B3C0-681EE1948430}.Debug|Any CPU.ActiveCfg = Debug|Any CPU
		{33AD39B5-A16A-47C0-B3C0-681EE1948430}.Debug|Any CPU.Build.0 = Debug|Any CPU
		{33AD39B5-A16A-47C0-B3C0-681EE1948430}.Release|Any CPU.ActiveCfg = Release|Any CPU
		{33AD39B5-A16A-47C0-B3C0-681EE1948430}.Release|Any CPU.Build.0 = Release|Any CPU
	EndGlobalSection
	GlobalSection(SolutionProperties) = preSolution
		HideSolutionNode = FALSE
	EndGlobalSection
	GlobalSection(ExtensibilityGlobals) = postSolution
		SolutionGuid = {2ABE31E4-E6A7-4E4C-AFE6-C8BD167CE452}
	EndGlobalSection
EndGlobal
