
Microsoft Visual Studio Solution File, Format Version 12.00
# Visual Studio 15
VisualStudioVersion = 15.0.28307.168
MinimumVisualStudioVersion = 10.0.40219.1
Project("{F184B08F-C81C-45F6-A57F-5ABD9991F28F}") = "Console1", "Console1\Console1.vbproj", "{C0F50840-510F-42A6-B20A-661495F0DDA7}"
EndProject
Global
	GlobalSection(SolutionConfigurationPlatforms) = preSolution
		Debug|Any CPU = Debug|Any CPU
		Release|Any CPU = Release|Any CPU
	EndGlobalSection
	GlobalSection(ProjectConfigurationPlatforms) = postSolution
		{C0F50840-510F-42A6-B20A-661495F0DDA7}.Debug|Any CPU.ActiveCfg = Debug|Any CPU
		{C0F50840-510F-42A6-B20A-661495F0DDA7}.Debug|Any CPU.Build.0 = Debug|Any CPU
		{C0F50840-510F-42A6-B20A-661495F0DDA7}.Release|Any CPU.ActiveCfg = Release|Any CPU
		{C0F50840-510F-42A6-B20A-661495F0DDA7}.Release|Any CPU.Build.0 = Release|Any CPU
	EndGlobalSection
	GlobalSection(SolutionProperties) = preSolution
		HideSolutionNode = FALSE
	EndGlobalSection
	GlobalSection(ExtensibilityGlobals) = postSolution
		SolutionGuid = {0495E033-B8C2-4F3F-BE0F-924C9E86FA7C}
	EndGlobalSection
EndGlobal
