
Microsoft Visual Studio Solution File, Format Version 12.00
# Visual Studio 15
VisualStudioVersion = 15.0.28307.168
MinimumVisualStudioVersion = 10.0.40219.1
Project("{F184B08F-C81C-45F6-A57F-5ABD9991F28F}") = "sub_s__EXPO", "sub_s__EXPO\sub_s__EXPO.vbproj", "{865794FE-27AD-4494-9DEE-1447068194FC}"
EndProject
Global
	GlobalSection(SolutionConfigurationPlatforms) = preSolution
		Debug|Any CPU = Debug|Any CPU
		Release|Any CPU = Release|Any CPU
	EndGlobalSection
	GlobalSection(ProjectConfigurationPlatforms) = postSolution
		{865794FE-27AD-4494-9DEE-1447068194FC}.Debug|Any CPU.ActiveCfg = Debug|Any CPU
		{865794FE-27AD-4494-9DEE-1447068194FC}.Debug|Any CPU.Build.0 = Debug|Any CPU
		{865794FE-27AD-4494-9DEE-1447068194FC}.Release|Any CPU.ActiveCfg = Release|Any CPU
		{865794FE-27AD-4494-9DEE-1447068194FC}.Release|Any CPU.Build.0 = Release|Any CPU
	EndGlobalSection
	GlobalSection(SolutionProperties) = preSolution
		HideSolutionNode = FALSE
	EndGlobalSection
	GlobalSection(ExtensibilityGlobals) = postSolution
		SolutionGuid = {4E413C70-6EBF-4EC3-B9D4-0A81A155567D}
	EndGlobalSection
EndGlobal
