
Microsoft Visual Studio Solution File, Format Version 12.00
# Visual Studio 15
VisualStudioVersion = 15.0.28307.168
MinimumVisualStudioVersion = 10.0.40219.1
Project("{F184B08F-C81C-45F6-A57F-5ABD9991F28F}") = "Maximum_via_Function", "Maximum_via_Function\Maximum_via_Function.vbproj", "{B21C7CC9-CA19-4CF6-B61B-829074AF2C88}"
EndProject
Global
	GlobalSection(SolutionConfigurationPlatforms) = preSolution
		Debug|Any CPU = Debug|Any CPU
		Release|Any CPU = Release|Any CPU
	EndGlobalSection
	GlobalSection(ProjectConfigurationPlatforms) = postSolution
		{B21C7CC9-CA19-4CF6-B61B-829074AF2C88}.Debug|Any CPU.ActiveCfg = Debug|Any CPU
		{B21C7CC9-CA19-4CF6-B61B-829074AF2C88}.Debug|Any CPU.Build.0 = Debug|Any CPU
		{B21C7CC9-CA19-4CF6-B61B-829074AF2C88}.Release|Any CPU.ActiveCfg = Release|Any CPU
		{B21C7CC9-CA19-4CF6-B61B-829074AF2C88}.Release|Any CPU.Build.0 = Release|Any CPU
	EndGlobalSection
	GlobalSection(SolutionProperties) = preSolution
		HideSolutionNode = FALSE
	EndGlobalSection
	GlobalSection(ExtensibilityGlobals) = postSolution
		SolutionGuid = {9FFCE040-4C4C-4308-A5DC-93ACE8A355F0}
	EndGlobalSection
EndGlobal
