
Microsoft Visual Studio Solution File, Format Version 12.00
# Visual Studio 15
VisualStudioVersion = 15.0.28307.168
MinimumVisualStudioVersion = 10.0.40219.1
Project("{F184B08F-C81C-45F6-A57F-5ABD9991F28F}") = "Greatest_of_3", "Greatest_of_3\Greatest_of_3.vbproj", "{823C16F8-1786-4818-BF50-4D968DF0F01B}"
EndProject
Global
	GlobalSection(SolutionConfigurationPlatforms) = preSolution
		Debug|Any CPU = Debug|Any CPU
		Release|Any CPU = Release|Any CPU
	EndGlobalSection
	GlobalSection(ProjectConfigurationPlatforms) = postSolution
		{823C16F8-1786-4818-BF50-4D968DF0F01B}.Debug|Any CPU.ActiveCfg = Debug|Any CPU
		{823C16F8-1786-4818-BF50-4D968DF0F01B}.Debug|Any CPU.Build.0 = Debug|Any CPU
		{823C16F8-1786-4818-BF50-4D968DF0F01B}.Release|Any CPU.ActiveCfg = Release|Any CPU
		{823C16F8-1786-4818-BF50-4D968DF0F01B}.Release|Any CPU.Build.0 = Release|Any CPU
	EndGlobalSection
	GlobalSection(SolutionProperties) = preSolution
		HideSolutionNode = FALSE
	EndGlobalSection
	GlobalSection(ExtensibilityGlobals) = postSolution
		SolutionGuid = {6A28E050-4372-4524-B1DA-7FA6F1CF3449}
	EndGlobalSection
EndGlobal
