
Microsoft Visual Studio Solution File, Format Version 12.00
# Visual Studio 15
VisualStudioVersion = 15.0.28307.168
MinimumVisualStudioVersion = 10.0.40219.1
Project("{F184B08F-C81C-45F6-A57F-5ABD9991F28F}") = "Box_Volume", "Box_Volume\Box_Volume.vbproj", "{DE99A0B7-4E31-4850-9AC9-32F3C2BF84BD}"
EndProject
Global
	GlobalSection(SolutionConfigurationPlatforms) = preSolution
		Debug|Any CPU = Debug|Any CPU
		Release|Any CPU = Release|Any CPU
	EndGlobalSection
	GlobalSection(ProjectConfigurationPlatforms) = postSolution
		{DE99A0B7-4E31-4850-9AC9-32F3C2BF84BD}.Debug|Any CPU.ActiveCfg = Debug|Any CPU
		{DE99A0B7-4E31-4850-9AC9-32F3C2BF84BD}.Debug|Any CPU.Build.0 = Debug|Any CPU
		{DE99A0B7-4E31-4850-9AC9-32F3C2BF84BD}.Release|Any CPU.ActiveCfg = Release|Any CPU
		{DE99A0B7-4E31-4850-9AC9-32F3C2BF84BD}.Release|Any CPU.Build.0 = Release|Any CPU
	EndGlobalSection
	GlobalSection(SolutionProperties) = preSolution
		HideSolutionNode = FALSE
	EndGlobalSection
	GlobalSection(ExtensibilityGlobals) = postSolution
		SolutionGuid = {8233EC57-A1E6-44A6-AC4A-EAA1B36F73A7}
	EndGlobalSection
EndGlobal
